
Microsoft Visual Studio Solution File, Format Version 12.00
# Visual Studio Version 17
VisualStudioVersion = 17.0.32112.339
MinimumVisualStudioVersion = 10.0.40219.1
Project("{FAE04EC0-301F-11D3-BF4B-00C04F79EFBC}") = "TaigaRecognition", "TaigaRecognition.csproj", "{760E1D7C-C4D6-4F92-8609-DD872BD57E5B}"
EndProject
Global
	GlobalSection(SolutionConfigurationPlatforms) = preSolution
		Debug|Any CPU = Debug|Any CPU
		Release|Any CPU = Release|Any CPU
	EndGlobalSection
	GlobalSection(ProjectConfigurationPlatforms) = postSolution
		{760E1D7C-C4D6-4F92-8609-DD872BD57E5B}.Debug|Any CPU.ActiveCfg = Debug|Any CPU
		{760E1D7C-C4D6-4F92-8609-DD872BD57E5B}.Debug|Any CPU.Build.0 = Debug|Any CPU
		{760E1D7C-C4D6-4F92-8609-DD872BD57E5B}.Release|Any CPU.ActiveCfg = Release|Any CPU
		{760E1D7C-C4D6-4F92-8609-DD872BD57E5B}.Release|Any CPU.Build.0 = Release|Any CPU
	EndGlobalSection
	GlobalSection(SolutionProperties) = preSolution
		HideSolutionNode = FALSE
	EndGlobalSection
	GlobalSection(ExtensibilityGlobals) = postSolution
		SolutionGuid = {3A2FADCE-2406-4DE8-A50B-7E0F4EF3B301}
	EndGlobalSection
EndGlobal
